
Microsoft Visual Studio Solution File, Format Version 12.00
# Visual Studio Version 17
VisualStudioVersion = 17.0.31903.59
MinimumVisualStudioVersion = 10.0.40219.1
Project("{FAE04EC0-301F-11D3-BF4B-00C04F79EFBC}") = "TraderAPI", "src\TraderAPI\TraderAPI.csproj", "{7C2820C1-B340-44AD-A977-8980AEAE9DD7}"
EndProject
Project("{2150E333-8FDC-42A3-9474-1A3956D46DE8}") = "Solution Files", "Solution Files", "{02EA681E-C7D8-13C7-8484-4AC65E1B71E8}"
	ProjectSection(SolutionItems) = preProject
		.editorconfig = .editorconfig
		.gitignore = .gitignore
		Directory.Build.props = Directory.Build.props
		Directory.Build.targets = Directory.Build.targets
		Directory.Packages.props = Directory.Packages.props
		global.json = global.json
		LICENSE = LICENSE
		nuget.config = nuget.config
		README.md = README.md
	EndProjectSection
EndProject
Global
	GlobalSection(SolutionConfigurationPlatforms) = preSolution
		Debug|Any CPU = Debug|Any CPU
		Release|Any CPU = Release|Any CPU
	EndGlobalSection
	GlobalSection(ProjectConfigurationPlatforms) = postSolution
		{7C2820C1-B340-44AD-A977-8980AEAE9DD7}.Debug|Any CPU.ActiveCfg = Debug|Any CPU
		{7C2820C1-B340-44AD-A977-8980AEAE9DD7}.Debug|Any CPU.Build.0 = Debug|Any CPU
		{7C2820C1-B340-44AD-A977-8980AEAE9DD7}.Release|Any CPU.ActiveCfg = Release|Any CPU
		{7C2820C1-B340-44AD-A977-8980AEAE9DD7}.Release|Any CPU.Build.0 = Release|Any CPU
	EndGlobalSection
	GlobalSection(SolutionProperties) = preSolution
		HideSolutionNode = FALSE
	EndGlobalSection
	GlobalSection(ExtensibilityGlobals) = postSolution
		SolutionGuid = {890EB239-A573-49A2-90DA-9AAD01F82AA0}
	EndGlobalSection
EndGlobal
